// !$*UTF8*$!
{
	archiveVersion = 1;
	classes = {
	};
	objectVersion = 50;
	objects = {

/* Begin PBXBuildFile section */
		D23980AC2368BF4D00F8216E /* AppDelegate.swift in Sources */ = {isa = PBXBuildFile; fileRef = D23980AB2368BF4D00F8216E /* AppDelegate.swift */; };
		D23980AE2368BF4D00F8216E /* SceneDelegate.swift in Sources */ = {isa = PBXBuildFile; fileRef = D23980AD2368BF4D00F8216E /* SceneDelegate.swift */; };
		D23980B02368BF4D00F8216E /* ContentView.swift in Sources */ = {isa = PBXBuildFile; fileRef = D23980AF2368BF4D00F8216E /* ContentView.swift */; };
		D23980B22368BF4E00F8216E /* Assets.xcassets in Resources */ = {isa = PBXBuildFile; fileRef = D23980B12368BF4E00F8216E /* Assets.xcassets */; };
		D23980B52368BF4E00F8216E /* Preview Assets.xcassets in Resources */ = {isa = PBXBuildFile; fileRef = D23980B42368BF4E00F8216E /* Preview Assets.xcassets */; };
		D23980B82368BF4E00F8216E /* LaunchScreen.storyboard in Resources */ = {isa = PBXBuildFile; fileRef = D23980B62368BF4E00F8216E /* LaunchScreen.storyboard */; };
		D2A8A2FD2374A78C00EBD8C5 /* PaintModel.swift in Sources */ = {isa = PBXBuildFile; fileRef = D2A8A2FC2374A78C00EBD8C5 /* PaintModel.swift */; };
		D2A8A2FF2374AC4200EBD8C5 /* PaintListView.swift in Sources */ = {isa = PBXBuildFile; fileRef = D2A8A2FE2374AC4200EBD8C5 /* PaintListView.swift */; };
		D2A8A3012374B73D00EBD8C5 /* PaintRowView.swift in Sources */ = {isa = PBXBuildFile; fileRef = D2A8A3002374B73D00EBD8C5 /* PaintRowView.swift */; };
		D2E217DF2368C4FA009D4E1E /* PaintView.swift in Sources */ = {isa = PBXBuildFile; fileRef = D2E217DE2368C4FA009D4E1E /* PaintView.swift */; };
/* End PBXBuildFile section */

/* Begin PBXFileReference section */
		D23980A82368BF4D00F8216E /* SUIPaint.app */ = {isa = PBXFileReference; explicitFileType = wrapper.application; includeInIndex = 0; path = SUIPaint.app; sourceTree = BUILT_PRODUCTS_DIR; };
		D23980AB2368BF4D00F8216E /* AppDelegate.swift */ = {isa = PBXFileReference; lastKnownFileType = sourcecode.swift; path = AppDelegate.swift; sourceTree = "<group>"; };
		D23980AD2368BF4D00F8216E /* SceneDelegate.swift */ = {isa = PBXFileReference; lastKnownFileType = sourcecode.swift; path = SceneDelegate.swift; sourceTree = "<group>"; };
		D23980AF2368BF4D00F8216E /* ContentView.swift */ = {isa = PBXFileReference; lastKnownFileType = sourcecode.swift; path = ContentView.swift; sourceTree = "<group>"; };
		D23980B12368BF4E00F8216E /* Assets.xcassets */ = {isa = PBXFileReference; lastKnownFileType = folder.assetcatalog; path = Assets.xcassets; sourceTree = "<group>"; };
		D23980B42368BF4E00F8216E /* Preview Assets.xcassets */ = {isa = PBXFileReference; lastKnownFileType = folder.assetcatalog; path = "Preview Assets.xcassets"; sourceTree = "<group>"; };
		D23980B72368BF4E00F8216E /* Base */ = {isa = PBXFileReference; lastKnownFileType = file.storyboard; name = Base; path = Base.lproj/LaunchScreen.storyboard; sourceTree = "<group>"; };
		D23980B92368BF4E00F8216E /* Info.plist */ = {isa = PBXFileReference; lastKnownFileType = text.plist.xml; path = Info.plist; sourceTree = "<group>"; };
		D2A8A2FC2374A78C00EBD8C5 /* PaintModel.swift */ = {isa = PBXFileReference; lastKnownFileType = sourcecode.swift; path = PaintModel.swift; sourceTree = "<group>"; };
		D2A8A2FE2374AC4200EBD8C5 /* PaintListView.swift */ = {isa = PBXFileReference; lastKnownFileType = sourcecode.swift; path = PaintListView.swift; sourceTree = "<group>"; };
		D2A8A3002374B73D00EBD8C5 /* PaintRowView.swift */ = {isa = PBXFileReference; lastKnownFileType = sourcecode.swift; path = PaintRowView.swift; sourceTree = "<group>"; };
		D2E217DE2368C4FA009D4E1E /* PaintView.swift */ = {isa = PBXFileReference; lastKnownFileType = sourcecode.swift; path = PaintView.swift; sourceTree = "<group>"; };
/* End PBXFileReference section */

/* Begin PBXFrameworksBuildPhase section */
		D23980A52368BF4D00F8216E /* Frameworks */ = {
			isa = PBXFrameworksBuildPhase;
			buildActionMask = 2147483647;
			files = (
			);
			runOnlyForDeploymentPostprocessing = 0;
		};
/* End PBXFrameworksBuildPhase section */

/* Begin PBXGroup section */
		D239809F2368BF4D00F8216E = {
			isa = PBXGroup;
			children = (
				D23980AA2368BF4D00F8216E /* SUIPaint */,
				D23980A92368BF4D00F8216E /* Products */,
			);
			sourceTree = "<group>";
		};
		D23980A92368BF4D00F8216E /* Products */ = {
			isa = PBXGroup;
			children = (
				D23980A82368BF4D00F8216E /* SUIPaint.app */,
			);
			name = Products;
			sourceTree = "<group>";
		};
		D23980AA2368BF4D00F8216E /* SUIPaint */ = {
			isa = PBXGroup;
			children = (
				D23980AB2368BF4D00F8216E /* AppDelegate.swift */,
				D23980AD2368BF4D00F8216E /* SceneDelegate.swift */,
				D23980AF2368BF4D00F8216E /* ContentView.swift */,
				D23980B12368BF4E00F8216E /* Assets.xcassets */,
				D23980B62368BF4E00F8216E /* LaunchScreen.storyboard */,
				D23980B92368BF4E00F8216E /* Info.plist */,
				D23980B32368BF4E00F8216E /* Preview Content */,
				D2E217DE2368C4FA009D4E1E /* PaintView.swift */,
				D2A8A2FC2374A78C00EBD8C5 /* PaintModel.swift */,
				D2A8A2FE2374AC4200EBD8C5 /* PaintListView.swift */,
				D2A8A3002374B73D00EBD8C5 /* PaintRowView.swift */,
			);
			path = SUIPaint;
			sourceTree = "<group>";
		};
		D23980B32368BF4E00F8216E /* Preview Content */ = {
			isa = PBXGroup;
			children = (
				D23980B42368BF4E00F8216E /* Preview Assets.xcassets */,
			);
			path = "Preview Content";
			sourceTree = "<group>";
		};
/* End PBXGroup section */

/* Begin PBXNativeTarget section */
		D23980A72368BF4D00F8216E /* SUIPaint */ = {
			isa = PBXNativeTarget;
			buildConfigurationList = D23980BC2368BF4E00F8216E /* Build configuration list for PBXNativeTarget "SUIPaint" */;
			buildPhases = (
				D23980A42368BF4D00F8216E /* Sources */,
				D23980A52368BF4D00F8216E /* Frameworks */,
				D23980A62368BF4D00F8216E /* Resources */,
			);
			buildRules = (
			);
			dependencies = (
			);
			name = SUIPaint;
			productName = SUIPaint;
			productReference = D23980A82368BF4D00F8216E /* SUIPaint.app */;
			productType = "com.apple.product-type.application";
		};
/* End PBXNativeTarget section */

/* Begin PBXProject section */
		D23980A02368BF4D00F8216E /* Project object */ = {
			isa = PBXProject;
			attributes = {
				LastSwiftUpdateCheck = 1110;
				LastUpgradeCheck = 1110;
				ORGANIZATIONNAME = "Yusent Chig";
				TargetAttributes = {
					D23980A72368BF4D00F8216E = {
						CreatedOnToolsVersion = 11.1;
					};
				};
			};
			buildConfigurationList = D23980A32368BF4D00F8216E /* Build configuration list for PBXProject "SUIPaint" */;
			compatibilityVersion = "Xcode 9.3";
			developmentRegion = en;
			hasScannedForEncodings = 0;
			knownRegions = (
				en,
				Base,
			);
			mainGroup = D239809F2368BF4D00F8216E;
			productRefGroup = D23980A92368BF4D00F8216E /* Products */;
			projectDirPath = "";
			projectRoot = "";
			targets = (
				D23980A72368BF4D00F8216E /* SUIPaint */,
			);
		};
/* End PBXProject section */

/* Begin PBXResourcesBuildPhase section */
		D23980A62368BF4D00F8216E /* Resources */ = {
			isa = PBXResourcesBuildPhase;
			buildActionMask = 2147483647;
			files = (
				D23980B82368BF4E00F8216E /* LaunchScreen.storyboard in Resources */,
				D23980B52368BF4E00F8216E /* Preview Assets.xcassets in Resources */,
				D23980B22368BF4E00F8216E /* Assets.xcassets in Resources */,
			);
			runOnlyForDeploymentPostprocessing = 0;
		};
/* End PBXResourcesBuildPhase section */

/* Begin PBXSourcesBuildPhase section */
		D23980A42368BF4D00F8216E /* Sources */ = {
			isa = PBXSourcesBuildPhase;
			buildActionMask = 2147483647;
			files = (
				D23980AC2368BF4D00F8216E /* AppDelegate.swift in Sources */,
				D2A8A2FF2374AC4200EBD8C5 /* PaintListView.swift in Sources */,
				D2A8A2FD2374A78C00EBD8C5 /* PaintModel.swift in Sources */,
				D2A8A3012374B73D00EBD8C5 /* PaintRowView.swift in Sources */,
				D2E217DF2368C4FA009D4E1E /* PaintView.swift in Sources */,
				D23980AE2368BF4D00F8216E /* SceneDelegate.swift in Sources */,
				D23980B02368BF4D00F8216E /* ContentView.swift in Sources */,
			);
			runOnlyForDeploymentPostprocessing = 0;
		};
/* End PBXSourcesBuildPhase section */

/* Begin PBXVariantGroup section */
		D23980B62368BF4E00F8216E /* LaunchScreen.storyboard */ = {
			isa = PBXVariantGroup;
			children = (
				D23980B72368BF4E00F8216E /* Base */,
			);
			name = LaunchScreen.storyboard;
			sourceTree = "<group>";
		};
/* End PBXVariantGroup section */

/* Begin XCBuildConfiguration section */
		D23980BA2368BF4E00F8216E /* Debug */ = {
			isa = XCBuildConfiguration;
			buildSettings = {
				ALWAYS_SEARCH_USER_PATHS = NO;
				CLANG_ANALYZER_NONNULL = YES;
				CLANG_ANALYZER_NUMBER_OBJECT_CONVERSION = YES_AGGRESSIVE;
				CLANG_CXX_LANGUAGE_STANDARD = "gnu++14";
				CLANG_CXX_LIBRARY = "libc++";
				CLANG_ENABLE_MODULES = YES;
				CLANG_ENABLE_OBJC_ARC = YES;
				CLANG_ENABLE_OBJC_WEAK = YES;
				CLANG_WARN_BLOCK_CAPTURE_AUTORELEASING = YES;
				CLANG_WARN_BOOL_CONVERSION = YES;
				CLANG_WARN_COMMA = YES;
				CLANG_WARN_CONSTANT_CONVERSION = YES;
				CLANG_WARN_DEPRECATED_OBJC_IMPLEMENTATIONS = YES;
				CLANG_WARN_DIRECT_OBJC_ISA_USAGE = YES_ERROR;
				CLANG_WARN_DOCUMENTATION_COMMENTS = YES;
				CLANG_WARN_EMPTY_BODY = YES;
				CLANG_WARN_ENUM_CONVERSION = YES;
				CLANG_WARN_INFINITE_RECURSION = YES;
				CLANG_WARN_INT_CONVERSION = YES;
				CLANG_WARN_NON_LITERAL_NULL_CONVERSION = YES;
				CLANG_WARN_OBJC_IMPLICIT_RETAIN_SELF = YES;
				CLANG_WARN_OBJC_LITERAL_CONVERSION = YES;
				CLANG_WARN_OBJC_ROOT_CLASS = YES_ERROR;
				CLANG_WARN_RANGE_LOOP_ANALYSIS = YES;
				CLANG_WARN_STRICT_PROTOTYPES = YES;
				CLANG_WARN_SUSPICIOUS_MOVE = YES;
				CLANG_WARN_UNGUARDED_AVAILABILITY = YES_AGGRESSIVE;
				CLANG_WARN_UNREACHABLE_CODE = YES;
				CLANG_WARN__DUPLICATE_METHOD_MATCH = YES;
				COPY_PHASE_STRIP = NO;
				DEBUG_INFORMATION_FORMAT = dwarf;
				ENABLE_STRICT_OBJC_MSGSEND = YES;
				ENABLE_TESTABILITY = YES;
				GCC_C_LANGUAGE_STANDARD = gnu11;
				GCC_DYNAMIC_NO_PIC = NO;
				GCC_NO_COMMON_BLOCKS = YES;
				GCC_OPTIMIZATION_LEVEL = 0;
				GCC_PREPROCESSOR_DEFINITIONS = (
					"DEBUG=1",
					"$(inherited)",
				);
				GCC_WARN_64_TO_32_BIT_CONVERSION = YES;
				GCC_WARN_ABOUT_RETURN_TYPE = YES_ERROR;
				GCC_WARN_UNDECLARED_SELECTOR = YES;
				GCC_WARN_UNINITIALIZED_AUTOS = YES_AGGRESSIVE;
				GCC_WARN_UNUSED_FUNCTION = YES;
				GCC_WARN_UNUSED_VARIABLE = YES;
				IPHONEOS_DEPLOYMENT_TARGET = 13.1;
				MTL_ENABLE_DEBUG_INFO = INCLUDE_SOURCE;
				MTL_FAST_MATH = YES;
				ONLY_ACTIVE_ARCH = YES;
				SDKROOT = iphoneos;
				SWIFT_ACTIVE_COMPILATION_CONDITIONS = DEBUG;
				SWIFT_OPTIMIZATION_LEVEL = "-Onone";
			};
			name = Debug;
		};
		D23980BB2368BF4E00F8216E /* Release */ = {
			isa = XCBuildConfiguration;
			buildSettings = {
				ALWAYS_SEARCH_USER_PATHS = NO;
				CLANG_ANALYZER_NONNULL = YES;
				CLANG_ANALYZER_NUMBER_OBJECT_CONVERSION = YES_AGGRESSIVE;
				CLANG_CXX_LANGUAGE_STANDARD = "gnu++14";
				CLANG_CXX_LIBRARY = "libc++";
				CLANG_ENABLE_MODULES = YES;
				CLANG_ENABLE_OBJC_ARC = YES;
				CLANG_ENABLE_OBJC_WEAK = YES;
				CLANG_WARN_BLOCK_CAPTURE_AUTORELEASING = YES;
				CLANG_WARN_BOOL_CONVERSION = YES;
				CLANG_WARN_COMMA = YES;
				CLANG_WARN_CONSTANT_CONVERSION = YES;
				CLANG_WARN_DEPRECATED_OBJC_IMPLEMENTATIONS = YES;
				CLANG_WARN_DIRECT_OBJC_ISA_USAGE = YES_ERROR;
				CLANG_WARN_DOCUMENTATION_COMMENTS = YES;
				CLANG_WARN_EMPTY_BODY = YES;
				CLANG_WARN_ENUM_CONVERSION = YES;
				CLANG_WARN_INFINITE_RECURSION = YES;
				CLANG_WARN_INT_CONVERSION = YES;
				CLANG_WARN_NON_LITERAL_NULL_CONVERSION = YES;
				CLANG_WARN_OBJC_IMPLICIT_RETAIN_SELF = YES;
				CLANG_WARN_OBJC_LITERAL_CONVERSION = YES;
				CLANG_WARN_OBJC_ROOT_CLASS = YES_ERROR;
				CLANG_WARN_RANGE_LOOP_ANALYSIS = YES;
				CLANG_WARN_STRICT_PROTOTYPES = YES;
				CLANG_WARN_SUSPICIOUS_MOVE = YES;
				CLANG_WARN_UNGUARDED_AVAILABILITY = YES_AGGRESSIVE;
				CLANG_WARN_UNREACHABLE_CODE = YES;
				CLANG_WARN__DUPLICATE_METHOD_MATCH = YES;
				COPY_PHASE_STRIP = NO;
				DEBUG_INFORMATION_FORMAT = "dwarf-with-dsym";
				ENABLE_NS_ASSERTIONS = NO;
				ENABLE_STRICT_OBJC_MSGSEND = YES;
				GCC_C_LANGUAGE_STANDARD = gnu11;
				GCC_NO_COMMON_BLOCKS = YES;
				GCC_WARN_64_TO_32_BIT_CONVERSION = YES;
				GCC_WARN_ABOUT_RETURN_TYPE = YES_ERROR;
				GCC_WARN_UNDECLARED_SELECTOR = YES;
				GCC_WARN_UNINITIALIZED_AUTOS = YES_AGGRESSIVE;
				GCC_WARN_UNUSED_FUNCTION = YES;
				GCC_WARN_UNUSED_VARIABLE = YES;
				IPHONEOS_DEPLOYMENT_TARGET = 13.1;
				MTL_ENABLE_DEBUG_INFO = NO;
				MTL_FAST_MATH = YES;
				SDKROOT = iphoneos;
				SWIFT_COMPILATION_MODE = wholemodule;
				SWIFT_OPTIMIZATION_LEVEL = "-O";
				VALIDATE_PRODUCT = YES;
			};
			name = Release;
		};
		D23980BD2368BF4E00F8216E /* Debug */ = {
			isa = XCBuildConfiguration;
			buildSettings = {
				ASSETCATALOG_COMPILER_APPICON_NAME = AppIcon;
				CODE_SIGN_STYLE = Automatic;
				DEVELOPMENT_ASSET_PATHS = "\"SUIPaint/Preview Content\"";
				DEVELOPMENT_TEAM = 6H37PP97HU;
				ENABLE_PREVIEWS = YES;
				INFOPLIST_FILE = SUIPaint/Info.plist;
				LD_RUNPATH_SEARCH_PATHS = (
					"$(inherited)",
					"@executable_path/Frameworks",
				);
				PRODUCT_BUNDLE_IDENTIFIER = dev.yus.SUIPaint;
				PRODUCT_NAME = "$(TARGET_NAME)";
				SWIFT_VERSION = 5.0;
				TARGETED_DEVICE_FAMILY = "1,2";
			};
			name = Debug;
		};
		D23980BE2368BF4E00F8216E /* Release */ = {
			isa = XCBuildConfiguration;
			buildSettings = {
				ASSETCATALOG_COMPILER_APPICON_NAME = AppIcon;
				CODE_SIGN_STYLE = Automatic;
				DEVELOPMENT_ASSET_PATHS = "\"SUIPaint/Preview Content\"";
				DEVELOPMENT_TEAM = 6H37PP97HU;
				ENABLE_PREVIEWS = YES;
				INFOPLIST_FILE = SUIPaint/Info.plist;
				LD_RUNPATH_SEARCH_PATHS = (
					"$(inherited)",
					"@executable_path/Frameworks",
				);
				PRODUCT_BUNDLE_IDENTIFIER = dev.yus.SUIPaint;
				PRODUCT_NAME = "$(TARGET_NAME)";
				SWIFT_VERSION = 5.0;
				TARGETED_DEVICE_FAMILY = "1,2";
			};
			name = Release;
		};
/* End XCBuildConfiguration section */

/* Begin XCConfigurationList section */
		D23980A32368BF4D00F8216E /* Build configuration list for PBXProject "SUIPaint" */ = {
			isa = XCConfigurationList;
			buildConfigurations = (
				D23980BA2368BF4E00F8216E /* Debug */,
				D23980BB2368BF4E00F8216E /* Release */,
			);
			defaultConfigurationIsVisible = 0;
			defaultConfigurationName = Release;
		};
		D23980BC2368BF4E00F8216E /* Build configuration list for PBXNativeTarget "SUIPaint" */ = {
			isa = XCConfigurationList;
			buildConfigurations = (
				D23980BD2368BF4E00F8216E /* Debug */,
				D23980BE2368BF4E00F8216E /* Release */,
			);
			defaultConfigurationIsVisible = 0;
			defaultConfigurationName = Release;
		};
/* End XCConfigurationList section */
	};
	rootObject = D23980A02368BF4D00F8216E /* Project object */;
}
